
Microsoft Visual Studio Solution File, Format Version 12.00
# Visual Studio 14
VisualStudioVersion = 14.0.23107.0
MinimumVisualStudioVersion = 10.0.40219.1
Project("{9092AA53-FB77-4645-B42D-1CCCA6BD08BD}") = "SplitTheNumber", "SplitTheNumber\SplitTheNumber.njsproj", "{DF78386A-351A-4329-B344-EECA101AD390}"
EndProject
Project("{9092AA53-FB77-4645-B42D-1CCCA6BD08BD}") = "SumOfIntegersFromFile", "SumOfIntegersFromFile\SumOfIntegersFromFile.njsproj", "{F5FDFACA-F1CF-4C91-8FA5-5E1328E5D57E}"
EndProject
Project("{9092AA53-FB77-4645-B42D-1CCCA6BD08BD}") = "MultiplesOfANumber", "MultiplesOfANumber\MultiplesOfANumber.njsproj", "{A24FFACC-CE2F-4DB7-AA19-E4EE9368DC60}"
EndProject
Project("{9092AA53-FB77-4645-B42D-1CCCA6BD08BD}") = "SumOfDigits", "SumOfDigits\SumOfDigits.njsproj", "{6E0F0357-42D1-44D2-A572-5D2FD4E6ABF6}"
EndProject
Project("{9092AA53-FB77-4645-B42D-1CCCA6BD08BD}") = "FileSize", "FileSize\FileSize.njsproj", "{EB0E4F3E-C44A-41CC-A7EF-C167DC042B32}"
EndProject
Project("{2150E333-8FDC-42A3-9474-1A3956D46DE8}") = "Easy", "Easy", "{7BD19E54-5CBF-435A-B1EE-DCACD9E6BA53}"
EndProject
Project("{2150E333-8FDC-42A3-9474-1A3956D46DE8}") = "JS", "JS", "{24106904-0217-48B2-83CA-1402EB26D6BE}"
EndProject
Project("{9092AA53-FB77-4645-B42D-1CCCA6BD08BD}") = "AgeDistribution", "AgeDistribution\AgeDistribution.njsproj", "{38EC0BD1-85F6-43CC-A826-F0371765A239}"
EndProject
Project("{9092AA53-FB77-4645-B42D-1CCCA6BD08BD}") = "BeautifulStrings", "BeautifulStrings\BeautifulStrings.njsproj", "{FACFC5AC-EEBE-40B7-A762-DE3265C94E0D}"
EndProject
Project("{9092AA53-FB77-4645-B42D-1CCCA6BD08BD}") = "CapitalizeWords", "CapitalizeWords\CapitalizeWords.njsproj", "{A6842306-3260-48B8-86B8-DBA6D54F0E52}"
EndProject
Project("{9092AA53-FB77-4645-B42D-1CCCA6BD08BD}") = "ChardonnayOrCabernet", "ChardonnayOrCabernet\ChardonnayOrCabernet.njsproj", "{199023C7-3AEB-4E29-9171-E0013B6F1EF0}"
EndProject
Project("{9092AA53-FB77-4645-B42D-1CCCA6BD08BD}") = "CleanUpTheWords", "CleanUpTheWords\CleanUpTheWords.njsproj", "{90B717E5-A958-4E03-94A5-69AA5A64DD5E}"
EndProject
Project("{9092AA53-FB77-4645-B42D-1CCCA6BD08BD}") = "DeltaTime", "DeltaTime\DeltaTime.njsproj", "{E4429270-C1BD-4190-A48A-DE28BBD297A5}"
EndProject
Project("{9092AA53-FB77-4645-B42D-1CCCA6BD08BD}") = "Details", "Details\Details.njsproj", "{D38FDAD9-5AA2-4B6E-B0A9-9E6C4E53B851}"
EndProject
Project("{9092AA53-FB77-4645-B42D-1CCCA6BD08BD}") = "FindAWriter", "FindAWriter\FindAWriter.njsproj", "{3B18A0C0-A770-4642-B74D-825160519C65}"
EndProject
Project("{9092AA53-FB77-4645-B42D-1CCCA6BD08BD}") = "FindTheHighestScore", "FindTheHighestScore\FindTheHighestScore.njsproj", "{3EE678D3-6178-423E-82A9-DEAC8A4626FA}"
EndProject
Project("{9092AA53-FB77-4645-B42D-1CCCA6BD08BD}") = "FizzBuzz", "FizzBuzz\FizzBuzz.njsproj", "{0329FBFC-9466-44D3-85DF-89DB97387A15}"
EndProject
Project("{9092AA53-FB77-4645-B42D-1CCCA6BD08BD}") = "HappyNumbers", "HappyNumbers\HappyNumbers.njsproj", "{BA103BE3-6AD8-485F-B99E-2EC7A216B6CD}"
EndProject
Project("{9092AA53-FB77-4645-B42D-1CCCA6BD08BD}") = "HexToDecimal", "HexToDecimal\HexToDecimal.njsproj", "{5D956436-7376-4B7E-8A06-454E066BB990}"
EndProject
Project("{9092AA53-FB77-4645-B42D-1CCCA6BD08BD}") = "HiddenDigits", "HiddenDigits\HiddenDigits.njsproj", "{F9E66ABA-FAA1-415A-A931-65AB3481436A}"
EndProject
Project("{9092AA53-FB77-4645-B42D-1CCCA6BD08BD}") = "JSONMenuIDs", "JSONMenuIDs\JSONMenuIDs.njsproj", "{D4CB31FB-095B-4EC7-9A10-F2E598C57625}"
EndProject
Project("{9092AA53-FB77-4645-B42D-1CCCA6BD08BD}") = "KnightMoves", "KnightMoves\KnightMoves.njsproj", "{052DECC4-DC01-4BFB-A55D-FA6F5564AAEB}"
EndProject
Project("{9092AA53-FB77-4645-B42D-1CCCA6BD08BD}") = "LettercasePercentageRatio", "LettercasePercentageRatio\LettercasePercentageRatio.njsproj", "{859C90D8-B00D-4CE7-8C83-E97F9DF3CE7A}"
EndProject
Project("{9092AA53-FB77-4645-B42D-1CCCA6BD08BD}") = "LongestWord", "LongestWord\LongestWord.njsproj", "{5BF2D5DB-F778-41ED-BE0A-195BAA06B4A8}"
EndProject
Project("{9092AA53-FB77-4645-B42D-1CCCA6BD08BD}") = "Lowercase", "Lowercase\Lowercase.njsproj", "{71289223-4BC7-45A5-9CEC-906702EF1188}"
EndProject
Project("{9092AA53-FB77-4645-B42D-1CCCA6BD08BD}") = "LowestUniqueNumber", "LowestUniqueNumber\LowestUniqueNumber.njsproj", "{3C36DBFD-67D5-4346-99ED-3480E6FBCA8D}"
EndProject
Project("{9092AA53-FB77-4645-B42D-1CCCA6BD08BD}") = "MatrixRotation", "MatrixRotation\MatrixRotation.njsproj", "{3F280FD9-2EE5-454F-9221-EFD061CD4D5B}"
EndProject
Project("{9092AA53-FB77-4645-B42D-1CCCA6BD08BD}") = "MaxRangeSum", "MaxRangeSum\MaxRangeSum.njsproj", "{9CF72272-CEF4-4E0B-A082-945B486C0D40}"
EndProject
Project("{9092AA53-FB77-4645-B42D-1CCCA6BD08BD}") = "MorseCode", "MorseCode\MorseCode.njsproj", "{A8746E91-6108-46A1-BBAA-D04F601D9AB4}"
EndProject
Project("{9092AA53-FB77-4645-B42D-1CCCA6BD08BD}") = "OddNumbers", "OddNumbers\OddNumbers.njsproj", "{3218C9DE-991A-4EE2-BB26-086039A01C82}"
EndProject
Project("{9092AA53-FB77-4645-B42D-1CCCA6BD08BD}") = "ReadMore", "ReadMore\ReadMore.njsproj", "{4527EA95-9165-4BC0-AEF9-677AD5A21FF4}"
EndProject
Project("{9092AA53-FB77-4645-B42D-1CCCA6BD08BD}") = "ReverseWords", "ReverseWords\ReverseWords.njsproj", "{F8B6448B-B310-41E3-AC8F-E75EEA143E13}"
EndProject
Project("{9092AA53-FB77-4645-B42D-1CCCA6BD08BD}") = "RollerCoaster", "RollerCoaster\RollerCoaster.njsproj", "{E0B5D41F-625F-4489-9B11-ADD4372DCE6B}"
EndProject
Project("{9092AA53-FB77-4645-B42D-1CCCA6BD08BD}") = "SelfDescribingNumbers", "SelfDescribingNumbers\SelfDescribingNumbers.njsproj", "{5F698DBC-01D4-4D73-935B-5C7090459DAB}"
EndProject
Project("{9092AA53-FB77-4645-B42D-1CCCA6BD08BD}") = "StepwiseWord", "StepwiseWord\StepwiseWord.njsproj", "{ADB57260-A9EC-43FC-A286-7A3EDD3AB0CB}"
EndProject
Project("{9092AA53-FB77-4645-B42D-1CCCA6BD08BD}") = "StringMask", "StringMask\StringMask.njsproj", "{8A993339-DD4B-468D-BFB9-2A4208FC4A2F}"
EndProject
Project("{9092AA53-FB77-4645-B42D-1CCCA6BD08BD}") = "SumOfPrimes", "SumOfPrimes\SumOfPrimes.njsproj", "{01C1EDFB-AFF4-45D7-98AD-962F93A6BD58}"
EndProject
Project("{9092AA53-FB77-4645-B42D-1CCCA6BD08BD}") = "SwapCase", "SwapCase\SwapCase.njsproj", "{B18EAE68-AD74-41EA-BB31-191EA88D1281}"
EndProject
Project("{9092AA53-FB77-4645-B42D-1CCCA6BD08BD}") = "SwapElements", "SwapElements\SwapElements.njsproj", "{FBE66074-3A9E-4348-8884-A0532E38163A}"
EndProject
Project("{9092AA53-FB77-4645-B42D-1CCCA6BD08BD}") = "SwapNumbers", "SwapNumbers\SwapNumbers.njsproj", "{914C52C8-78C8-4DDD-8E8F-FD72A9C7B736}"
EndProject
Project("{9092AA53-FB77-4645-B42D-1CCCA6BD08BD}") = "TheMajorElement", "TheMajorElement\TheMajorElement.njsproj", "{8C5F5AD5-83C4-40A1-B49E-0589FC1AD173}"
EndProject
Project("{9092AA53-FB77-4645-B42D-1CCCA6BD08BD}") = "TimeToEat", "TimeToEat\TimeToEat.njsproj", "{BF88533A-3402-42E2-B1F5-BA695A7000CE}"
EndProject
Project("{9092AA53-FB77-4645-B42D-1CCCA6BD08BD}") = "UniqueElements", "UniqueElements\UniqueElements.njsproj", "{2FF5B26D-4B88-4F98-95FB-5C061DC0EC68}"
EndProject
Project("{9092AA53-FB77-4645-B42D-1CCCA6BD08BD}") = "WithoutRepetitions", "WithoutRepetitions\WithoutRepetitions.njsproj", "{17FCD175-8585-4FD9-84B0-F1B933F1A0E7}"
EndProject
Project("{9092AA53-FB77-4645-B42D-1CCCA6BD08BD}") = "OneZeroTwoZeros", "OneZeroTwoZeros\OneZeroTwoZeros.njsproj", "{92AF656B-B834-4667-B2F4-9CE4C62ACFFC}"
EndProject
Project("{9092AA53-FB77-4645-B42D-1CCCA6BD08BD}") = "CompressedSequence", "CompressedSequence\CompressedSequence.njsproj", "{47C100E4-9DE5-4E28-92C4-DAD6951427A5}"
EndProject
Project("{9092AA53-FB77-4645-B42D-1CCCA6BD08BD}") = "SimpleSorting", "SimpleSorting\SimpleSorting.njsproj", "{114DF648-2EE4-4006-A45C-AB9695FA4E00}"
EndProject
Project("{9092AA53-FB77-4645-B42D-1CCCA6BD08BD}") = "BigDigits", "BigDigits\BigDigits.njsproj", "{E7B94CDA-3FA8-4ED1-AB10-E48CB4BCDF0C}"
EndProject
Project("{9092AA53-FB77-4645-B42D-1CCCA6BD08BD}") = "JugglingWithZeros", "JugglingWithZeros\JugglingWithZeros.njsproj", "{C859DCE7-D54C-4FB6-9C4F-1E2F407C8002}"
EndProject
Project("{9092AA53-FB77-4645-B42D-1CCCA6BD08BD}") = "MixedContent", "MixedContent\MixedContent.njsproj", "{FCD3B128-4337-4AB9-AE83-109BDEA83B1F}"
EndProject
Project("{9092AA53-FB77-4645-B42D-1CCCA6BD08BD}") = "EvenNumbers", "EvenNumbers\EvenNumbers.njsproj", "{B5B82012-9315-40FA-84D0-CF734D52E820}"
EndProject
Project("{9092AA53-FB77-4645-B42D-1CCCA6BD08BD}") = "SetIntersection", "SetIntersection\SetIntersection.njsproj", "{7F1D2D1B-595B-45DB-9421-9B1318E7BFAE}"
EndProject
Project("{9092AA53-FB77-4645-B42D-1CCCA6BD08BD}") = "PrimePalindrome", "PrimePalindrome\PrimePalindrome.njsproj", "{DDE5ED28-A349-441F-8524-7ACD15A9EA88}"
EndProject
Project("{9092AA53-FB77-4645-B42D-1CCCA6BD08BD}") = "BitPositions", "BitPositions\BitPositions.njsproj", "{FD14A88F-D8EF-4113-82C9-5C083EBF7322}"
EndProject
Project("{9092AA53-FB77-4645-B42D-1CCCA6BD08BD}") = "MultiplicationTables", "MultiplicationTables\MultiplicationTables.njsproj", "{0418764E-BC62-4632-9763-D71747E985D5}"
EndProject
Project("{9092AA53-FB77-4645-B42D-1CCCA6BD08BD}") = "RightmostChar", "RightmostChar\RightmostChar.njsproj", "{4F11395E-BC7C-4A25-B83C-AB7C8D09178C}"
EndProject
Project("{9092AA53-FB77-4645-B42D-1CCCA6BD08BD}") = "NModM", "NModM\NModM.njsproj", "{E9D85FC9-E360-4D2F-B34D-85ED65489197}"
EndProject
Project("{9092AA53-FB77-4645-B42D-1CCCA6BD08BD}") = "ArmstrongNumbers", "ArmstrongNumbers\ArmstrongNumbers.njsproj", "{6E1D00B7-6FED-4689-91D4-877344B25D71}"
EndProject
Project("{9092AA53-FB77-4645-B42D-1CCCA6BD08BD}") = "QueryBoard", "QueryBoard\QueryBoard.njsproj", "{FF64B31F-EE87-459C-9AD1-D8BCDD4429A3}"
EndProject
Project("{9092AA53-FB77-4645-B42D-1CCCA6BD08BD}") = "CalculateDistance", "CalculateDistance\CalculateDistance.njsproj", "{62050266-4A3A-405D-85EA-408F6E2BD172}"
EndProject
Project("{9092AA53-FB77-4645-B42D-1CCCA6BD08BD}") = "PenultimateWord", "PenultimateWord\PenultimateWord.njsproj", "{3CE46D5C-E2A4-49FF-B1DD-2B4938A91484}"
EndProject
Project("{9092AA53-FB77-4645-B42D-1CCCA6BD08BD}") = "WordToDigit", "WordToDigit\WordToDigit.njsproj", "{97D64006-834F-4793-BC5D-E37708063DA3}"
EndProject
Project("{9092AA53-FB77-4645-B42D-1CCCA6BD08BD}") = "MultiplyLists", "MultiplyLists\MultiplyLists.njsproj", "{22F4E873-A301-42B6-A008-CBED4662E18F}"
EndProject
Project("{9092AA53-FB77-4645-B42D-1CCCA6BD08BD}") = "RomanNumerals", "RomanNumerals\RomanNumerals.njsproj", "{6A457F44-1965-4966-8FF5-812302E4F8C0}"
EndProject
Project("{9092AA53-FB77-4645-B42D-1CCCA6BD08BD}") = "ShortestRepetition", "ShortestRepetition\ShortestRepetition.njsproj", "{AE131A76-BE63-4661-AFF0-1DCEBD68B38C}"
EndProject
Project("{9092AA53-FB77-4645-B42D-1CCCA6BD08BD}") = "WorkingExperience", "WorkingExperience\WorkingExperience.njsproj", "{57C83259-9BC3-48DF-849B-3A19D6C4CED5}"
EndProject
Project("{9092AA53-FB77-4645-B42D-1CCCA6BD08BD}") = "RoadTrip", "RoadTrip\RoadTrip.njsproj", "{35E5F286-82C8-4AA7-9A86-DEEEC8A8017A}"
EndProject
Project("{9092AA53-FB77-4645-B42D-1CCCA6BD08BD}") = "StringsAndArrows", "StringsAndArrows\StringsAndArrows.njsproj", "{151B4273-2574-473E-A56E-460CC9A52076}"
EndProject
Project("{9092AA53-FB77-4645-B42D-1CCCA6BD08BD}") = "FibonacciSeries", "FibonacciSeries\FibonacciSeries.njsproj", "{0CAF67BE-CC80-4097-B5D5-63D0BD72BE16}"
EndProject
Project("{9092AA53-FB77-4645-B42D-1CCCA6BD08BD}") = "RacingChars", "RacingChars\RacingChars.njsproj", "{BB3F7E6D-E99F-4287-A2F2-9C6129933E37}"
EndProject
Global
	GlobalSection(SolutionConfigurationPlatforms) = preSolution
		Debug|Any CPU = Debug|Any CPU
		Release|Any CPU = Release|Any CPU
	EndGlobalSection
	GlobalSection(ProjectConfigurationPlatforms) = postSolution
		{DF78386A-351A-4329-B344-EECA101AD390}.Debug|Any CPU.ActiveCfg = Debug|Any CPU
		{DF78386A-351A-4329-B344-EECA101AD390}.Debug|Any CPU.Build.0 = Debug|Any CPU
		{DF78386A-351A-4329-B344-EECA101AD390}.Release|Any CPU.ActiveCfg = Release|Any CPU
		{DF78386A-351A-4329-B344-EECA101AD390}.Release|Any CPU.Build.0 = Release|Any CPU
		{F5FDFACA-F1CF-4C91-8FA5-5E1328E5D57E}.Debug|Any CPU.ActiveCfg = Debug|Any CPU
		{F5FDFACA-F1CF-4C91-8FA5-5E1328E5D57E}.Debug|Any CPU.Build.0 = Debug|Any CPU
		{F5FDFACA-F1CF-4C91-8FA5-5E1328E5D57E}.Release|Any CPU.ActiveCfg = Release|Any CPU
		{F5FDFACA-F1CF-4C91-8FA5-5E1328E5D57E}.Release|Any CPU.Build.0 = Release|Any CPU
		{A24FFACC-CE2F-4DB7-AA19-E4EE9368DC60}.Debug|Any CPU.ActiveCfg = Debug|Any CPU
		{A24FFACC-CE2F-4DB7-AA19-E4EE9368DC60}.Debug|Any CPU.Build.0 = Debug|Any CPU
		{A24FFACC-CE2F-4DB7-AA19-E4EE9368DC60}.Release|Any CPU.ActiveCfg = Release|Any CPU
		{A24FFACC-CE2F-4DB7-AA19-E4EE9368DC60}.Release|Any CPU.Build.0 = Release|Any CPU
		{6E0F0357-42D1-44D2-A572-5D2FD4E6ABF6}.Debug|Any CPU.ActiveCfg = Debug|Any CPU
		{6E0F0357-42D1-44D2-A572-5D2FD4E6ABF6}.Debug|Any CPU.Build.0 = Debug|Any CPU
		{6E0F0357-42D1-44D2-A572-5D2FD4E6ABF6}.Release|Any CPU.ActiveCfg = Release|Any CPU
		{6E0F0357-42D1-44D2-A572-5D2FD4E6ABF6}.Release|Any CPU.Build.0 = Release|Any CPU
		{EB0E4F3E-C44A-41CC-A7EF-C167DC042B32}.Debug|Any CPU.ActiveCfg = Debug|Any CPU
		{EB0E4F3E-C44A-41CC-A7EF-C167DC042B32}.Debug|Any CPU.Build.0 = Debug|Any CPU
		{EB0E4F3E-C44A-41CC-A7EF-C167DC042B32}.Release|Any CPU.ActiveCfg = Release|Any CPU
		{EB0E4F3E-C44A-41CC-A7EF-C167DC042B32}.Release|Any CPU.Build.0 = Release|Any CPU
		{38EC0BD1-85F6-43CC-A826-F0371765A239}.Debug|Any CPU.ActiveCfg = Debug|Any CPU
		{38EC0BD1-85F6-43CC-A826-F0371765A239}.Debug|Any CPU.Build.0 = Debug|Any CPU
		{38EC0BD1-85F6-43CC-A826-F0371765A239}.Release|Any CPU.ActiveCfg = Release|Any CPU
		{38EC0BD1-85F6-43CC-A826-F0371765A239}.Release|Any CPU.Build.0 = Release|Any CPU
		{FACFC5AC-EEBE-40B7-A762-DE3265C94E0D}.Debug|Any CPU.ActiveCfg = Debug|Any CPU
		{FACFC5AC-EEBE-40B7-A762-DE3265C94E0D}.Debug|Any CPU.Build.0 = Debug|Any CPU
		{FACFC5AC-EEBE-40B7-A762-DE3265C94E0D}.Release|Any CPU.ActiveCfg = Release|Any CPU
		{FACFC5AC-EEBE-40B7-A762-DE3265C94E0D}.Release|Any CPU.Build.0 = Release|Any CPU
		{A6842306-3260-48B8-86B8-DBA6D54F0E52}.Debug|Any CPU.ActiveCfg = Debug|Any CPU
		{A6842306-3260-48B8-86B8-DBA6D54F0E52}.Debug|Any CPU.Build.0 = Debug|Any CPU
		{A6842306-3260-48B8-86B8-DBA6D54F0E52}.Release|Any CPU.ActiveCfg = Release|Any CPU
		{A6842306-3260-48B8-86B8-DBA6D54F0E52}.Release|Any CPU.Build.0 = Release|Any CPU
		{199023C7-3AEB-4E29-9171-E0013B6F1EF0}.Debug|Any CPU.ActiveCfg = Debug|Any CPU
		{199023C7-3AEB-4E29-9171-E0013B6F1EF0}.Debug|Any CPU.Build.0 = Debug|Any CPU
		{199023C7-3AEB-4E29-9171-E0013B6F1EF0}.Release|Any CPU.ActiveCfg = Release|Any CPU
		{199023C7-3AEB-4E29-9171-E0013B6F1EF0}.Release|Any CPU.Build.0 = Release|Any CPU
		{90B717E5-A958-4E03-94A5-69AA5A64DD5E}.Debug|Any CPU.ActiveCfg = Debug|Any CPU
		{90B717E5-A958-4E03-94A5-69AA5A64DD5E}.Debug|Any CPU.Build.0 = Debug|Any CPU
		{90B717E5-A958-4E03-94A5-69AA5A64DD5E}.Release|Any CPU.ActiveCfg = Release|Any CPU
		{90B717E5-A958-4E03-94A5-69AA5A64DD5E}.Release|Any CPU.Build.0 = Release|Any CPU
		{E4429270-C1BD-4190-A48A-DE28BBD297A5}.Debug|Any CPU.ActiveCfg = Debug|Any CPU
		{E4429270-C1BD-4190-A48A-DE28BBD297A5}.Debug|Any CPU.Build.0 = Debug|Any CPU
		{E4429270-C1BD-4190-A48A-DE28BBD297A5}.Release|Any CPU.ActiveCfg = Release|Any CPU
		{E4429270-C1BD-4190-A48A-DE28BBD297A5}.Release|Any CPU.Build.0 = Release|Any CPU
		{D38FDAD9-5AA2-4B6E-B0A9-9E6C4E53B851}.Debug|Any CPU.ActiveCfg = Debug|Any CPU
		{D38FDAD9-5AA2-4B6E-B0A9-9E6C4E53B851}.Debug|Any CPU.Build.0 = Debug|Any CPU
		{D38FDAD9-5AA2-4B6E-B0A9-9E6C4E53B851}.Release|Any CPU.ActiveCfg = Release|Any CPU
		{D38FDAD9-5AA2-4B6E-B0A9-9E6C4E53B851}.Release|Any CPU.Build.0 = Release|Any CPU
		{3B18A0C0-A770-4642-B74D-825160519C65}.Debug|Any CPU.ActiveCfg = Debug|Any CPU
		{3B18A0C0-A770-4642-B74D-825160519C65}.Debug|Any CPU.Build.0 = Debug|Any CPU
		{3B18A0C0-A770-4642-B74D-825160519C65}.Release|Any CPU.ActiveCfg = Release|Any CPU
		{3B18A0C0-A770-4642-B74D-825160519C65}.Release|Any CPU.Build.0 = Release|Any CPU
		{3EE678D3-6178-423E-82A9-DEAC8A4626FA}.Debug|Any CPU.ActiveCfg = Debug|Any CPU
		{3EE678D3-6178-423E-82A9-DEAC8A4626FA}.Debug|Any CPU.Build.0 = Debug|Any CPU
		{3EE678D3-6178-423E-82A9-DEAC8A4626FA}.Release|Any CPU.ActiveCfg = Release|Any CPU
		{3EE678D3-6178-423E-82A9-DEAC8A4626FA}.Release|Any CPU.Build.0 = Release|Any CPU
		{0329FBFC-9466-44D3-85DF-89DB97387A15}.Debug|Any CPU.ActiveCfg = Debug|Any CPU
		{0329FBFC-9466-44D3-85DF-89DB97387A15}.Debug|Any CPU.Build.0 = Debug|Any CPU
		{0329FBFC-9466-44D3-85DF-89DB97387A15}.Release|Any CPU.ActiveCfg = Release|Any CPU
		{0329FBFC-9466-44D3-85DF-89DB97387A15}.Release|Any CPU.Build.0 = Release|Any CPU
		{BA103BE3-6AD8-485F-B99E-2EC7A216B6CD}.Debug|Any CPU.ActiveCfg = Debug|Any CPU
		{BA103BE3-6AD8-485F-B99E-2EC7A216B6CD}.Debug|Any CPU.Build.0 = Debug|Any CPU
		{BA103BE3-6AD8-485F-B99E-2EC7A216B6CD}.Release|Any CPU.ActiveCfg = Release|Any CPU
		{BA103BE3-6AD8-485F-B99E-2EC7A216B6CD}.Release|Any CPU.Build.0 = Release|Any CPU
		{5D956436-7376-4B7E-8A06-454E066BB990}.Debug|Any CPU.ActiveCfg = Debug|Any CPU
		{5D956436-7376-4B7E-8A06-454E066BB990}.Debug|Any CPU.Build.0 = Debug|Any CPU
		{5D956436-7376-4B7E-8A06-454E066BB990}.Release|Any CPU.ActiveCfg = Release|Any CPU
		{5D956436-7376-4B7E-8A06-454E066BB990}.Release|Any CPU.Build.0 = Release|Any CPU
		{F9E66ABA-FAA1-415A-A931-65AB3481436A}.Debug|Any CPU.ActiveCfg = Debug|Any CPU
		{F9E66ABA-FAA1-415A-A931-65AB3481436A}.Debug|Any CPU.Build.0 = Debug|Any CPU
		{F9E66ABA-FAA1-415A-A931-65AB3481436A}.Release|Any CPU.ActiveCfg = Release|Any CPU
		{F9E66ABA-FAA1-415A-A931-65AB3481436A}.Release|Any CPU.Build.0 = Release|Any CPU
		{D4CB31FB-095B-4EC7-9A10-F2E598C57625}.Debug|Any CPU.ActiveCfg = Debug|Any CPU
		{D4CB31FB-095B-4EC7-9A10-F2E598C57625}.Debug|Any CPU.Build.0 = Debug|Any CPU
		{D4CB31FB-095B-4EC7-9A10-F2E598C57625}.Release|Any CPU.ActiveCfg = Release|Any CPU
		{D4CB31FB-095B-4EC7-9A10-F2E598C57625}.Release|Any CPU.Build.0 = Release|Any CPU
		{052DECC4-DC01-4BFB-A55D-FA6F5564AAEB}.Debug|Any CPU.ActiveCfg = Debug|Any CPU
		{052DECC4-DC01-4BFB-A55D-FA6F5564AAEB}.Debug|Any CPU.Build.0 = Debug|Any CPU
		{052DECC4-DC01-4BFB-A55D-FA6F5564AAEB}.Release|Any CPU.ActiveCfg = Release|Any CPU
		{052DECC4-DC01-4BFB-A55D-FA6F5564AAEB}.Release|Any CPU.Build.0 = Release|Any CPU
		{859C90D8-B00D-4CE7-8C83-E97F9DF3CE7A}.Debug|Any CPU.ActiveCfg = Debug|Any CPU
		{859C90D8-B00D-4CE7-8C83-E97F9DF3CE7A}.Debug|Any CPU.Build.0 = Debug|Any CPU
		{859C90D8-B00D-4CE7-8C83-E97F9DF3CE7A}.Release|Any CPU.ActiveCfg = Release|Any CPU
		{859C90D8-B00D-4CE7-8C83-E97F9DF3CE7A}.Release|Any CPU.Build.0 = Release|Any CPU
		{5BF2D5DB-F778-41ED-BE0A-195BAA06B4A8}.Debug|Any CPU.ActiveCfg = Debug|Any CPU
		{5BF2D5DB-F778-41ED-BE0A-195BAA06B4A8}.Debug|Any CPU.Build.0 = Debug|Any CPU
		{5BF2D5DB-F778-41ED-BE0A-195BAA06B4A8}.Release|Any CPU.ActiveCfg = Release|Any CPU
		{5BF2D5DB-F778-41ED-BE0A-195BAA06B4A8}.Release|Any CPU.Build.0 = Release|Any CPU
		{71289223-4BC7-45A5-9CEC-906702EF1188}.Debug|Any CPU.ActiveCfg = Debug|Any CPU
		{71289223-4BC7-45A5-9CEC-906702EF1188}.Debug|Any CPU.Build.0 = Debug|Any CPU
		{71289223-4BC7-45A5-9CEC-906702EF1188}.Release|Any CPU.ActiveCfg = Release|Any CPU
		{71289223-4BC7-45A5-9CEC-906702EF1188}.Release|Any CPU.Build.0 = Release|Any CPU
		{3C36DBFD-67D5-4346-99ED-3480E6FBCA8D}.Debug|Any CPU.ActiveCfg = Debug|Any CPU
		{3C36DBFD-67D5-4346-99ED-3480E6FBCA8D}.Debug|Any CPU.Build.0 = Debug|Any CPU
		{3C36DBFD-67D5-4346-99ED-3480E6FBCA8D}.Release|Any CPU.ActiveCfg = Release|Any CPU
		{3C36DBFD-67D5-4346-99ED-3480E6FBCA8D}.Release|Any CPU.Build.0 = Release|Any CPU
		{3F280FD9-2EE5-454F-9221-EFD061CD4D5B}.Debug|Any CPU.ActiveCfg = Debug|Any CPU
		{3F280FD9-2EE5-454F-9221-EFD061CD4D5B}.Debug|Any CPU.Build.0 = Debug|Any CPU
		{3F280FD9-2EE5-454F-9221-EFD061CD4D5B}.Release|Any CPU.ActiveCfg = Release|Any CPU
		{3F280FD9-2EE5-454F-9221-EFD061CD4D5B}.Release|Any CPU.Build.0 = Release|Any CPU
		{9CF72272-CEF4-4E0B-A082-945B486C0D40}.Debug|Any CPU.ActiveCfg = Debug|Any CPU
		{9CF72272-CEF4-4E0B-A082-945B486C0D40}.Debug|Any CPU.Build.0 = Debug|Any CPU
		{9CF72272-CEF4-4E0B-A082-945B486C0D40}.Release|Any CPU.ActiveCfg = Release|Any CPU
		{9CF72272-CEF4-4E0B-A082-945B486C0D40}.Release|Any CPU.Build.0 = Release|Any CPU
		{A8746E91-6108-46A1-BBAA-D04F601D9AB4}.Debug|Any CPU.ActiveCfg = Debug|Any CPU
		{A8746E91-6108-46A1-BBAA-D04F601D9AB4}.Debug|Any CPU.Build.0 = Debug|Any CPU
		{A8746E91-6108-46A1-BBAA-D04F601D9AB4}.Release|Any CPU.ActiveCfg = Release|Any CPU
		{A8746E91-6108-46A1-BBAA-D04F601D9AB4}.Release|Any CPU.Build.0 = Release|Any CPU
		{3218C9DE-991A-4EE2-BB26-086039A01C82}.Debug|Any CPU.ActiveCfg = Debug|Any CPU
		{3218C9DE-991A-4EE2-BB26-086039A01C82}.Debug|Any CPU.Build.0 = Debug|Any CPU
		{3218C9DE-991A-4EE2-BB26-086039A01C82}.Release|Any CPU.ActiveCfg = Release|Any CPU
		{3218C9DE-991A-4EE2-BB26-086039A01C82}.Release|Any CPU.Build.0 = Release|Any CPU
		{4527EA95-9165-4BC0-AEF9-677AD5A21FF4}.Debug|Any CPU.ActiveCfg = Debug|Any CPU
		{4527EA95-9165-4BC0-AEF9-677AD5A21FF4}.Debug|Any CPU.Build.0 = Debug|Any CPU
		{4527EA95-9165-4BC0-AEF9-677AD5A21FF4}.Release|Any CPU.ActiveCfg = Release|Any CPU
		{4527EA95-9165-4BC0-AEF9-677AD5A21FF4}.Release|Any CPU.Build.0 = Release|Any CPU
		{F8B6448B-B310-41E3-AC8F-E75EEA143E13}.Debug|Any CPU.ActiveCfg = Debug|Any CPU
		{F8B6448B-B310-41E3-AC8F-E75EEA143E13}.Debug|Any CPU.Build.0 = Debug|Any CPU
		{F8B6448B-B310-41E3-AC8F-E75EEA143E13}.Release|Any CPU.ActiveCfg = Release|Any CPU
		{F8B6448B-B310-41E3-AC8F-E75EEA143E13}.Release|Any CPU.Build.0 = Release|Any CPU
		{E0B5D41F-625F-4489-9B11-ADD4372DCE6B}.Debug|Any CPU.ActiveCfg = Debug|Any CPU
		{E0B5D41F-625F-4489-9B11-ADD4372DCE6B}.Debug|Any CPU.Build.0 = Debug|Any CPU
		{E0B5D41F-625F-4489-9B11-ADD4372DCE6B}.Release|Any CPU.ActiveCfg = Release|Any CPU
		{E0B5D41F-625F-4489-9B11-ADD4372DCE6B}.Release|Any CPU.Build.0 = Release|Any CPU
		{5F698DBC-01D4-4D73-935B-5C7090459DAB}.Debug|Any CPU.ActiveCfg = Debug|Any CPU
		{5F698DBC-01D4-4D73-935B-5C7090459DAB}.Debug|Any CPU.Build.0 = Debug|Any CPU
		{5F698DBC-01D4-4D73-935B-5C7090459DAB}.Release|Any CPU.ActiveCfg = Release|Any CPU
		{5F698DBC-01D4-4D73-935B-5C7090459DAB}.Release|Any CPU.Build.0 = Release|Any CPU
		{ADB57260-A9EC-43FC-A286-7A3EDD3AB0CB}.Debug|Any CPU.ActiveCfg = Debug|Any CPU
		{ADB57260-A9EC-43FC-A286-7A3EDD3AB0CB}.Debug|Any CPU.Build.0 = Debug|Any CPU
		{ADB57260-A9EC-43FC-A286-7A3EDD3AB0CB}.Release|Any CPU.ActiveCfg = Release|Any CPU
		{ADB57260-A9EC-43FC-A286-7A3EDD3AB0CB}.Release|Any CPU.Build.0 = Release|Any CPU
		{8A993339-DD4B-468D-BFB9-2A4208FC4A2F}.Debug|Any CPU.ActiveCfg = Debug|Any CPU
		{8A993339-DD4B-468D-BFB9-2A4208FC4A2F}.Debug|Any CPU.Build.0 = Debug|Any CPU
		{8A993339-DD4B-468D-BFB9-2A4208FC4A2F}.Release|Any CPU.ActiveCfg = Release|Any CPU
		{8A993339-DD4B-468D-BFB9-2A4208FC4A2F}.Release|Any CPU.Build.0 = Release|Any CPU
		{01C1EDFB-AFF4-45D7-98AD-962F93A6BD58}.Debug|Any CPU.ActiveCfg = Debug|Any CPU
		{01C1EDFB-AFF4-45D7-98AD-962F93A6BD58}.Debug|Any CPU.Build.0 = Debug|Any CPU
		{01C1EDFB-AFF4-45D7-98AD-962F93A6BD58}.Release|Any CPU.ActiveCfg = Release|Any CPU
		{01C1EDFB-AFF4-45D7-98AD-962F93A6BD58}.Release|Any CPU.Build.0 = Release|Any CPU
		{B18EAE68-AD74-41EA-BB31-191EA88D1281}.Debug|Any CPU.ActiveCfg = Debug|Any CPU
		{B18EAE68-AD74-41EA-BB31-191EA88D1281}.Debug|Any CPU.Build.0 = Debug|Any CPU
		{B18EAE68-AD74-41EA-BB31-191EA88D1281}.Release|Any CPU.ActiveCfg = Release|Any CPU
		{B18EAE68-AD74-41EA-BB31-191EA88D1281}.Release|Any CPU.Build.0 = Release|Any CPU
		{FBE66074-3A9E-4348-8884-A0532E38163A}.Debug|Any CPU.ActiveCfg = Debug|Any CPU
		{FBE66074-3A9E-4348-8884-A0532E38163A}.Debug|Any CPU.Build.0 = Debug|Any CPU
		{FBE66074-3A9E-4348-8884-A0532E38163A}.Release|Any CPU.ActiveCfg = Release|Any CPU
		{FBE66074-3A9E-4348-8884-A0532E38163A}.Release|Any CPU.Build.0 = Release|Any CPU
		{914C52C8-78C8-4DDD-8E8F-FD72A9C7B736}.Debug|Any CPU.ActiveCfg = Debug|Any CPU
		{914C52C8-78C8-4DDD-8E8F-FD72A9C7B736}.Debug|Any CPU.Build.0 = Debug|Any CPU
		{914C52C8-78C8-4DDD-8E8F-FD72A9C7B736}.Release|Any CPU.ActiveCfg = Release|Any CPU
		{914C52C8-78C8-4DDD-8E8F-FD72A9C7B736}.Release|Any CPU.Build.0 = Release|Any CPU
		{8C5F5AD5-83C4-40A1-B49E-0589FC1AD173}.Debug|Any CPU.ActiveCfg = Debug|Any CPU
		{8C5F5AD5-83C4-40A1-B49E-0589FC1AD173}.Debug|Any CPU.Build.0 = Debug|Any CPU
		{8C5F5AD5-83C4-40A1-B49E-0589FC1AD173}.Release|Any CPU.ActiveCfg = Release|Any CPU
		{8C5F5AD5-83C4-40A1-B49E-0589FC1AD173}.Release|Any CPU.Build.0 = Release|Any CPU
		{BF88533A-3402-42E2-B1F5-BA695A7000CE}.Debug|Any CPU.ActiveCfg = Debug|Any CPU
		{BF88533A-3402-42E2-B1F5-BA695A7000CE}.Debug|Any CPU.Build.0 = Debug|Any CPU
		{BF88533A-3402-42E2-B1F5-BA695A7000CE}.Release|Any CPU.ActiveCfg = Release|Any CPU
		{BF88533A-3402-42E2-B1F5-BA695A7000CE}.Release|Any CPU.Build.0 = Release|Any CPU
		{2FF5B26D-4B88-4F98-95FB-5C061DC0EC68}.Debug|Any CPU.ActiveCfg = Debug|Any CPU
		{2FF5B26D-4B88-4F98-95FB-5C061DC0EC68}.Debug|Any CPU.Build.0 = Debug|Any CPU
		{2FF5B26D-4B88-4F98-95FB-5C061DC0EC68}.Release|Any CPU.ActiveCfg = Release|Any CPU
		{2FF5B26D-4B88-4F98-95FB-5C061DC0EC68}.Release|Any CPU.Build.0 = Release|Any CPU
		{17FCD175-8585-4FD9-84B0-F1B933F1A0E7}.Debug|Any CPU.ActiveCfg = Debug|Any CPU
		{17FCD175-8585-4FD9-84B0-F1B933F1A0E7}.Debug|Any CPU.Build.0 = Debug|Any CPU
		{17FCD175-8585-4FD9-84B0-F1B933F1A0E7}.Release|Any CPU.ActiveCfg = Release|Any CPU
		{17FCD175-8585-4FD9-84B0-F1B933F1A0E7}.Release|Any CPU.Build.0 = Release|Any CPU
		{92AF656B-B834-4667-B2F4-9CE4C62ACFFC}.Debug|Any CPU.ActiveCfg = Debug|Any CPU
		{92AF656B-B834-4667-B2F4-9CE4C62ACFFC}.Debug|Any CPU.Build.0 = Debug|Any CPU
		{92AF656B-B834-4667-B2F4-9CE4C62ACFFC}.Release|Any CPU.ActiveCfg = Release|Any CPU
		{92AF656B-B834-4667-B2F4-9CE4C62ACFFC}.Release|Any CPU.Build.0 = Release|Any CPU
		{47C100E4-9DE5-4E28-92C4-DAD6951427A5}.Debug|Any CPU.ActiveCfg = Debug|Any CPU
		{47C100E4-9DE5-4E28-92C4-DAD6951427A5}.Debug|Any CPU.Build.0 = Debug|Any CPU
		{47C100E4-9DE5-4E28-92C4-DAD6951427A5}.Release|Any CPU.ActiveCfg = Release|Any CPU
		{47C100E4-9DE5-4E28-92C4-DAD6951427A5}.Release|Any CPU.Build.0 = Release|Any CPU
		{114DF648-2EE4-4006-A45C-AB9695FA4E00}.Debug|Any CPU.ActiveCfg = Debug|Any CPU
		{114DF648-2EE4-4006-A45C-AB9695FA4E00}.Debug|Any CPU.Build.0 = Debug|Any CPU
		{114DF648-2EE4-4006-A45C-AB9695FA4E00}.Release|Any CPU.ActiveCfg = Release|Any CPU
		{114DF648-2EE4-4006-A45C-AB9695FA4E00}.Release|Any CPU.Build.0 = Release|Any CPU
		{E7B94CDA-3FA8-4ED1-AB10-E48CB4BCDF0C}.Debug|Any CPU.ActiveCfg = Debug|Any CPU
		{E7B94CDA-3FA8-4ED1-AB10-E48CB4BCDF0C}.Debug|Any CPU.Build.0 = Debug|Any CPU
		{E7B94CDA-3FA8-4ED1-AB10-E48CB4BCDF0C}.Release|Any CPU.ActiveCfg = Release|Any CPU
		{E7B94CDA-3FA8-4ED1-AB10-E48CB4BCDF0C}.Release|Any CPU.Build.0 = Release|Any CPU
		{C859DCE7-D54C-4FB6-9C4F-1E2F407C8002}.Debug|Any CPU.ActiveCfg = Debug|Any CPU
		{C859DCE7-D54C-4FB6-9C4F-1E2F407C8002}.Debug|Any CPU.Build.0 = Debug|Any CPU
		{C859DCE7-D54C-4FB6-9C4F-1E2F407C8002}.Release|Any CPU.ActiveCfg = Release|Any CPU
		{C859DCE7-D54C-4FB6-9C4F-1E2F407C8002}.Release|Any CPU.Build.0 = Release|Any CPU
		{FCD3B128-4337-4AB9-AE83-109BDEA83B1F}.Debug|Any CPU.ActiveCfg = Debug|Any CPU
		{FCD3B128-4337-4AB9-AE83-109BDEA83B1F}.Debug|Any CPU.Build.0 = Debug|Any CPU
		{FCD3B128-4337-4AB9-AE83-109BDEA83B1F}.Release|Any CPU.ActiveCfg = Release|Any CPU
		{FCD3B128-4337-4AB9-AE83-109BDEA83B1F}.Release|Any CPU.Build.0 = Release|Any CPU
		{B5B82012-9315-40FA-84D0-CF734D52E820}.Debug|Any CPU.ActiveCfg = Debug|Any CPU
		{B5B82012-9315-40FA-84D0-CF734D52E820}.Debug|Any CPU.Build.0 = Debug|Any CPU
		{B5B82012-9315-40FA-84D0-CF734D52E820}.Release|Any CPU.ActiveCfg = Release|Any CPU
		{B5B82012-9315-40FA-84D0-CF734D52E820}.Release|Any CPU.Build.0 = Release|Any CPU
		{7F1D2D1B-595B-45DB-9421-9B1318E7BFAE}.Debug|Any CPU.ActiveCfg = Debug|Any CPU
		{7F1D2D1B-595B-45DB-9421-9B1318E7BFAE}.Debug|Any CPU.Build.0 = Debug|Any CPU
		{7F1D2D1B-595B-45DB-9421-9B1318E7BFAE}.Release|Any CPU.ActiveCfg = Release|Any CPU
		{7F1D2D1B-595B-45DB-9421-9B1318E7BFAE}.Release|Any CPU.Build.0 = Release|Any CPU
		{DDE5ED28-A349-441F-8524-7ACD15A9EA88}.Debug|Any CPU.ActiveCfg = Debug|Any CPU
		{DDE5ED28-A349-441F-8524-7ACD15A9EA88}.Debug|Any CPU.Build.0 = Debug|Any CPU
		{DDE5ED28-A349-441F-8524-7ACD15A9EA88}.Release|Any CPU.ActiveCfg = Release|Any CPU
		{DDE5ED28-A349-441F-8524-7ACD15A9EA88}.Release|Any CPU.Build.0 = Release|Any CPU
		{FD14A88F-D8EF-4113-82C9-5C083EBF7322}.Debug|Any CPU.ActiveCfg = Debug|Any CPU
		{FD14A88F-D8EF-4113-82C9-5C083EBF7322}.Debug|Any CPU.Build.0 = Debug|Any CPU
		{FD14A88F-D8EF-4113-82C9-5C083EBF7322}.Release|Any CPU.ActiveCfg = Release|Any CPU
		{FD14A88F-D8EF-4113-82C9-5C083EBF7322}.Release|Any CPU.Build.0 = Release|Any CPU
		{0418764E-BC62-4632-9763-D71747E985D5}.Debug|Any CPU.ActiveCfg = Debug|Any CPU
		{0418764E-BC62-4632-9763-D71747E985D5}.Debug|Any CPU.Build.0 = Debug|Any CPU
		{0418764E-BC62-4632-9763-D71747E985D5}.Release|Any CPU.ActiveCfg = Release|Any CPU
		{0418764E-BC62-4632-9763-D71747E985D5}.Release|Any CPU.Build.0 = Release|Any CPU
		{4F11395E-BC7C-4A25-B83C-AB7C8D09178C}.Debug|Any CPU.ActiveCfg = Debug|Any CPU
		{4F11395E-BC7C-4A25-B83C-AB7C8D09178C}.Debug|Any CPU.Build.0 = Debug|Any CPU
		{4F11395E-BC7C-4A25-B83C-AB7C8D09178C}.Release|Any CPU.ActiveCfg = Release|Any CPU
		{4F11395E-BC7C-4A25-B83C-AB7C8D09178C}.Release|Any CPU.Build.0 = Release|Any CPU
		{E9D85FC9-E360-4D2F-B34D-85ED65489197}.Debug|Any CPU.ActiveCfg = Debug|Any CPU
		{E9D85FC9-E360-4D2F-B34D-85ED65489197}.Debug|Any CPU.Build.0 = Debug|Any CPU
		{E9D85FC9-E360-4D2F-B34D-85ED65489197}.Release|Any CPU.ActiveCfg = Release|Any CPU
		{E9D85FC9-E360-4D2F-B34D-85ED65489197}.Release|Any CPU.Build.0 = Release|Any CPU
		{6E1D00B7-6FED-4689-91D4-877344B25D71}.Debug|Any CPU.ActiveCfg = Debug|Any CPU
		{6E1D00B7-6FED-4689-91D4-877344B25D71}.Debug|Any CPU.Build.0 = Debug|Any CPU
		{6E1D00B7-6FED-4689-91D4-877344B25D71}.Release|Any CPU.ActiveCfg = Release|Any CPU
		{6E1D00B7-6FED-4689-91D4-877344B25D71}.Release|Any CPU.Build.0 = Release|Any CPU
		{FF64B31F-EE87-459C-9AD1-D8BCDD4429A3}.Debug|Any CPU.ActiveCfg = Debug|Any CPU
		{FF64B31F-EE87-459C-9AD1-D8BCDD4429A3}.Debug|Any CPU.Build.0 = Debug|Any CPU
		{FF64B31F-EE87-459C-9AD1-D8BCDD4429A3}.Release|Any CPU.ActiveCfg = Release|Any CPU
		{FF64B31F-EE87-459C-9AD1-D8BCDD4429A3}.Release|Any CPU.Build.0 = Release|Any CPU
		{62050266-4A3A-405D-85EA-408F6E2BD172}.Debug|Any CPU.ActiveCfg = Debug|Any CPU
		{62050266-4A3A-405D-85EA-408F6E2BD172}.Debug|Any CPU.Build.0 = Debug|Any CPU
		{62050266-4A3A-405D-85EA-408F6E2BD172}.Release|Any CPU.ActiveCfg = Release|Any CPU
		{62050266-4A3A-405D-85EA-408F6E2BD172}.Release|Any CPU.Build.0 = Release|Any CPU
		{3CE46D5C-E2A4-49FF-B1DD-2B4938A91484}.Debug|Any CPU.ActiveCfg = Debug|Any CPU
		{3CE46D5C-E2A4-49FF-B1DD-2B4938A91484}.Debug|Any CPU.Build.0 = Debug|Any CPU
		{3CE46D5C-E2A4-49FF-B1DD-2B4938A91484}.Release|Any CPU.ActiveCfg = Release|Any CPU
		{3CE46D5C-E2A4-49FF-B1DD-2B4938A91484}.Release|Any CPU.Build.0 = Release|Any CPU
		{97D64006-834F-4793-BC5D-E37708063DA3}.Debug|Any CPU.ActiveCfg = Debug|Any CPU
		{97D64006-834F-4793-BC5D-E37708063DA3}.Debug|Any CPU.Build.0 = Debug|Any CPU
		{97D64006-834F-4793-BC5D-E37708063DA3}.Release|Any CPU.ActiveCfg = Release|Any CPU
		{97D64006-834F-4793-BC5D-E37708063DA3}.Release|Any CPU.Build.0 = Release|Any CPU
		{22F4E873-A301-42B6-A008-CBED4662E18F}.Debug|Any CPU.ActiveCfg = Debug|Any CPU
		{22F4E873-A301-42B6-A008-CBED4662E18F}.Debug|Any CPU.Build.0 = Debug|Any CPU
		{22F4E873-A301-42B6-A008-CBED4662E18F}.Release|Any CPU.ActiveCfg = Release|Any CPU
		{22F4E873-A301-42B6-A008-CBED4662E18F}.Release|Any CPU.Build.0 = Release|Any CPU
		{6A457F44-1965-4966-8FF5-812302E4F8C0}.Debug|Any CPU.ActiveCfg = Debug|Any CPU
		{6A457F44-1965-4966-8FF5-812302E4F8C0}.Debug|Any CPU.Build.0 = Debug|Any CPU
		{6A457F44-1965-4966-8FF5-812302E4F8C0}.Release|Any CPU.ActiveCfg = Release|Any CPU
		{6A457F44-1965-4966-8FF5-812302E4F8C0}.Release|Any CPU.Build.0 = Release|Any CPU
		{AE131A76-BE63-4661-AFF0-1DCEBD68B38C}.Debug|Any CPU.ActiveCfg = Debug|Any CPU
		{AE131A76-BE63-4661-AFF0-1DCEBD68B38C}.Debug|Any CPU.Build.0 = Debug|Any CPU
		{AE131A76-BE63-4661-AFF0-1DCEBD68B38C}.Release|Any CPU.ActiveCfg = Release|Any CPU
		{AE131A76-BE63-4661-AFF0-1DCEBD68B38C}.Release|Any CPU.Build.0 = Release|Any CPU
		{57C83259-9BC3-48DF-849B-3A19D6C4CED5}.Debug|Any CPU.ActiveCfg = Debug|Any CPU
		{57C83259-9BC3-48DF-849B-3A19D6C4CED5}.Debug|Any CPU.Build.0 = Debug|Any CPU
		{57C83259-9BC3-48DF-849B-3A19D6C4CED5}.Release|Any CPU.ActiveCfg = Release|Any CPU
		{57C83259-9BC3-48DF-849B-3A19D6C4CED5}.Release|Any CPU.Build.0 = Release|Any CPU
		{35E5F286-82C8-4AA7-9A86-DEEEC8A8017A}.Debug|Any CPU.ActiveCfg = Debug|Any CPU
		{35E5F286-82C8-4AA7-9A86-DEEEC8A8017A}.Debug|Any CPU.Build.0 = Debug|Any CPU
		{35E5F286-82C8-4AA7-9A86-DEEEC8A8017A}.Release|Any CPU.ActiveCfg = Release|Any CPU
		{35E5F286-82C8-4AA7-9A86-DEEEC8A8017A}.Release|Any CPU.Build.0 = Release|Any CPU
		{151B4273-2574-473E-A56E-460CC9A52076}.Debug|Any CPU.ActiveCfg = Debug|Any CPU
		{151B4273-2574-473E-A56E-460CC9A52076}.Debug|Any CPU.Build.0 = Debug|Any CPU
		{151B4273-2574-473E-A56E-460CC9A52076}.Release|Any CPU.ActiveCfg = Release|Any CPU
		{151B4273-2574-473E-A56E-460CC9A52076}.Release|Any CPU.Build.0 = Release|Any CPU
		{0CAF67BE-CC80-4097-B5D5-63D0BD72BE16}.Debug|Any CPU.ActiveCfg = Debug|Any CPU
		{0CAF67BE-CC80-4097-B5D5-63D0BD72BE16}.Debug|Any CPU.Build.0 = Debug|Any CPU
		{0CAF67BE-CC80-4097-B5D5-63D0BD72BE16}.Release|Any CPU.ActiveCfg = Release|Any CPU
		{0CAF67BE-CC80-4097-B5D5-63D0BD72BE16}.Release|Any CPU.Build.0 = Release|Any CPU
		{BB3F7E6D-E99F-4287-A2F2-9C6129933E37}.Debug|Any CPU.ActiveCfg = Debug|Any CPU
		{BB3F7E6D-E99F-4287-A2F2-9C6129933E37}.Debug|Any CPU.Build.0 = Debug|Any CPU
		{BB3F7E6D-E99F-4287-A2F2-9C6129933E37}.Release|Any CPU.ActiveCfg = Release|Any CPU
		{BB3F7E6D-E99F-4287-A2F2-9C6129933E37}.Release|Any CPU.Build.0 = Release|Any CPU
	EndGlobalSection
	GlobalSection(SolutionProperties) = preSolution
		HideSolutionNode = FALSE
	EndGlobalSection
	GlobalSection(NestedProjects) = preSolution
		{DF78386A-351A-4329-B344-EECA101AD390} = {24106904-0217-48B2-83CA-1402EB26D6BE}
		{F5FDFACA-F1CF-4C91-8FA5-5E1328E5D57E} = {24106904-0217-48B2-83CA-1402EB26D6BE}
		{A24FFACC-CE2F-4DB7-AA19-E4EE9368DC60} = {24106904-0217-48B2-83CA-1402EB26D6BE}
		{6E0F0357-42D1-44D2-A572-5D2FD4E6ABF6} = {24106904-0217-48B2-83CA-1402EB26D6BE}
		{EB0E4F3E-C44A-41CC-A7EF-C167DC042B32} = {24106904-0217-48B2-83CA-1402EB26D6BE}
		{24106904-0217-48B2-83CA-1402EB26D6BE} = {7BD19E54-5CBF-435A-B1EE-DCACD9E6BA53}
		{38EC0BD1-85F6-43CC-A826-F0371765A239} = {24106904-0217-48B2-83CA-1402EB26D6BE}
		{FACFC5AC-EEBE-40B7-A762-DE3265C94E0D} = {24106904-0217-48B2-83CA-1402EB26D6BE}
		{A6842306-3260-48B8-86B8-DBA6D54F0E52} = {24106904-0217-48B2-83CA-1402EB26D6BE}
		{199023C7-3AEB-4E29-9171-E0013B6F1EF0} = {24106904-0217-48B2-83CA-1402EB26D6BE}
		{90B717E5-A958-4E03-94A5-69AA5A64DD5E} = {24106904-0217-48B2-83CA-1402EB26D6BE}
		{E4429270-C1BD-4190-A48A-DE28BBD297A5} = {24106904-0217-48B2-83CA-1402EB26D6BE}
		{D38FDAD9-5AA2-4B6E-B0A9-9E6C4E53B851} = {24106904-0217-48B2-83CA-1402EB26D6BE}
		{3B18A0C0-A770-4642-B74D-825160519C65} = {24106904-0217-48B2-83CA-1402EB26D6BE}
		{3EE678D3-6178-423E-82A9-DEAC8A4626FA} = {24106904-0217-48B2-83CA-1402EB26D6BE}
		{0329FBFC-9466-44D3-85DF-89DB97387A15} = {24106904-0217-48B2-83CA-1402EB26D6BE}
		{BA103BE3-6AD8-485F-B99E-2EC7A216B6CD} = {24106904-0217-48B2-83CA-1402EB26D6BE}
		{5D956436-7376-4B7E-8A06-454E066BB990} = {24106904-0217-48B2-83CA-1402EB26D6BE}
		{F9E66ABA-FAA1-415A-A931-65AB3481436A} = {24106904-0217-48B2-83CA-1402EB26D6BE}
		{D4CB31FB-095B-4EC7-9A10-F2E598C57625} = {24106904-0217-48B2-83CA-1402EB26D6BE}
		{052DECC4-DC01-4BFB-A55D-FA6F5564AAEB} = {24106904-0217-48B2-83CA-1402EB26D6BE}
		{859C90D8-B00D-4CE7-8C83-E97F9DF3CE7A} = {24106904-0217-48B2-83CA-1402EB26D6BE}
		{5BF2D5DB-F778-41ED-BE0A-195BAA06B4A8} = {24106904-0217-48B2-83CA-1402EB26D6BE}
		{71289223-4BC7-45A5-9CEC-906702EF1188} = {24106904-0217-48B2-83CA-1402EB26D6BE}
		{3C36DBFD-67D5-4346-99ED-3480E6FBCA8D} = {24106904-0217-48B2-83CA-1402EB26D6BE}
		{3F280FD9-2EE5-454F-9221-EFD061CD4D5B} = {24106904-0217-48B2-83CA-1402EB26D6BE}
		{9CF72272-CEF4-4E0B-A082-945B486C0D40} = {24106904-0217-48B2-83CA-1402EB26D6BE}
		{A8746E91-6108-46A1-BBAA-D04F601D9AB4} = {24106904-0217-48B2-83CA-1402EB26D6BE}
		{3218C9DE-991A-4EE2-BB26-086039A01C82} = {24106904-0217-48B2-83CA-1402EB26D6BE}
		{4527EA95-9165-4BC0-AEF9-677AD5A21FF4} = {24106904-0217-48B2-83CA-1402EB26D6BE}
		{F8B6448B-B310-41E3-AC8F-E75EEA143E13} = {24106904-0217-48B2-83CA-1402EB26D6BE}
		{E0B5D41F-625F-4489-9B11-ADD4372DCE6B} = {24106904-0217-48B2-83CA-1402EB26D6BE}
		{5F698DBC-01D4-4D73-935B-5C7090459DAB} = {24106904-0217-48B2-83CA-1402EB26D6BE}
		{ADB57260-A9EC-43FC-A286-7A3EDD3AB0CB} = {24106904-0217-48B2-83CA-1402EB26D6BE}
		{8A993339-DD4B-468D-BFB9-2A4208FC4A2F} = {24106904-0217-48B2-83CA-1402EB26D6BE}
		{01C1EDFB-AFF4-45D7-98AD-962F93A6BD58} = {24106904-0217-48B2-83CA-1402EB26D6BE}
		{B18EAE68-AD74-41EA-BB31-191EA88D1281} = {24106904-0217-48B2-83CA-1402EB26D6BE}
		{FBE66074-3A9E-4348-8884-A0532E38163A} = {24106904-0217-48B2-83CA-1402EB26D6BE}
		{914C52C8-78C8-4DDD-8E8F-FD72A9C7B736} = {24106904-0217-48B2-83CA-1402EB26D6BE}
		{8C5F5AD5-83C4-40A1-B49E-0589FC1AD173} = {24106904-0217-48B2-83CA-1402EB26D6BE}
		{BF88533A-3402-42E2-B1F5-BA695A7000CE} = {24106904-0217-48B2-83CA-1402EB26D6BE}
		{2FF5B26D-4B88-4F98-95FB-5C061DC0EC68} = {24106904-0217-48B2-83CA-1402EB26D6BE}
		{17FCD175-8585-4FD9-84B0-F1B933F1A0E7} = {24106904-0217-48B2-83CA-1402EB26D6BE}
		{92AF656B-B834-4667-B2F4-9CE4C62ACFFC} = {24106904-0217-48B2-83CA-1402EB26D6BE}
		{47C100E4-9DE5-4E28-92C4-DAD6951427A5} = {24106904-0217-48B2-83CA-1402EB26D6BE}
		{114DF648-2EE4-4006-A45C-AB9695FA4E00} = {24106904-0217-48B2-83CA-1402EB26D6BE}
		{E7B94CDA-3FA8-4ED1-AB10-E48CB4BCDF0C} = {24106904-0217-48B2-83CA-1402EB26D6BE}
		{C859DCE7-D54C-4FB6-9C4F-1E2F407C8002} = {24106904-0217-48B2-83CA-1402EB26D6BE}
		{FCD3B128-4337-4AB9-AE83-109BDEA83B1F} = {24106904-0217-48B2-83CA-1402EB26D6BE}
		{B5B82012-9315-40FA-84D0-CF734D52E820} = {24106904-0217-48B2-83CA-1402EB26D6BE}
		{7F1D2D1B-595B-45DB-9421-9B1318E7BFAE} = {24106904-0217-48B2-83CA-1402EB26D6BE}
		{DDE5ED28-A349-441F-8524-7ACD15A9EA88} = {24106904-0217-48B2-83CA-1402EB26D6BE}
		{FD14A88F-D8EF-4113-82C9-5C083EBF7322} = {24106904-0217-48B2-83CA-1402EB26D6BE}
		{0418764E-BC62-4632-9763-D71747E985D5} = {24106904-0217-48B2-83CA-1402EB26D6BE}
		{4F11395E-BC7C-4A25-B83C-AB7C8D09178C} = {24106904-0217-48B2-83CA-1402EB26D6BE}
		{E9D85FC9-E360-4D2F-B34D-85ED65489197} = {24106904-0217-48B2-83CA-1402EB26D6BE}
		{6E1D00B7-6FED-4689-91D4-877344B25D71} = {24106904-0217-48B2-83CA-1402EB26D6BE}
		{FF64B31F-EE87-459C-9AD1-D8BCDD4429A3} = {24106904-0217-48B2-83CA-1402EB26D6BE}
		{62050266-4A3A-405D-85EA-408F6E2BD172} = {24106904-0217-48B2-83CA-1402EB26D6BE}
		{3CE46D5C-E2A4-49FF-B1DD-2B4938A91484} = {24106904-0217-48B2-83CA-1402EB26D6BE}
		{97D64006-834F-4793-BC5D-E37708063DA3} = {24106904-0217-48B2-83CA-1402EB26D6BE}
		{22F4E873-A301-42B6-A008-CBED4662E18F} = {24106904-0217-48B2-83CA-1402EB26D6BE}
		{6A457F44-1965-4966-8FF5-812302E4F8C0} = {24106904-0217-48B2-83CA-1402EB26D6BE}
		{AE131A76-BE63-4661-AFF0-1DCEBD68B38C} = {24106904-0217-48B2-83CA-1402EB26D6BE}
		{57C83259-9BC3-48DF-849B-3A19D6C4CED5} = {24106904-0217-48B2-83CA-1402EB26D6BE}
		{35E5F286-82C8-4AA7-9A86-DEEEC8A8017A} = {24106904-0217-48B2-83CA-1402EB26D6BE}
		{151B4273-2574-473E-A56E-460CC9A52076} = {24106904-0217-48B2-83CA-1402EB26D6BE}
		{0CAF67BE-CC80-4097-B5D5-63D0BD72BE16} = {24106904-0217-48B2-83CA-1402EB26D6BE}
		{BB3F7E6D-E99F-4287-A2F2-9C6129933E37} = {24106904-0217-48B2-83CA-1402EB26D6BE}
	EndGlobalSection
EndGlobal
