
Microsoft Visual Studio Solution File, Format Version 12.00
# Visual Studio 14
VisualStudioVersion = 14.0.23107.0
MinimumVisualStudioVersion = 10.0.40219.1
Project("{9092AA53-FB77-4645-B42D-1CCCA6BD08BD}") = "SplitTheNumber", "SplitTheNumber\SplitTheNumber.njsproj", "{DF78386A-351A-4329-B344-EECA101AD390}"
EndProject
Project("{9092AA53-FB77-4645-B42D-1CCCA6BD08BD}") = "SumOfIntegersFromFile", "SumOfIntegersFromFile\SumOfIntegersFromFile.njsproj", "{F5FDFACA-F1CF-4C91-8FA5-5E1328E5D57E}"
EndProject
Project("{9092AA53-FB77-4645-B42D-1CCCA6BD08BD}") = "MultiplesOfANumber", "MultiplesOfANumber\MultiplesOfANumber.njsproj", "{A24FFACC-CE2F-4DB7-AA19-E4EE9368DC60}"
EndProject
Project("{9092AA53-FB77-4645-B42D-1CCCA6BD08BD}") = "SumOfDigits", "SumOfDigits\SumOfDigits.njsproj", "{6E0F0357-42D1-44D2-A572-5D2FD4E6ABF6}"
EndProject
Global
	GlobalSection(SolutionConfigurationPlatforms) = preSolution
		Debug|Any CPU = Debug|Any CPU
		Release|Any CPU = Release|Any CPU
	EndGlobalSection
	GlobalSection(ProjectConfigurationPlatforms) = postSolution
		{DF78386A-351A-4329-B344-EECA101AD390}.Debug|Any CPU.ActiveCfg = Debug|Any CPU
		{DF78386A-351A-4329-B344-EECA101AD390}.Debug|Any CPU.Build.0 = Debug|Any CPU
		{DF78386A-351A-4329-B344-EECA101AD390}.Release|Any CPU.ActiveCfg = Release|Any CPU
		{DF78386A-351A-4329-B344-EECA101AD390}.Release|Any CPU.Build.0 = Release|Any CPU
		{F5FDFACA-F1CF-4C91-8FA5-5E1328E5D57E}.Debug|Any CPU.ActiveCfg = Debug|Any CPU
		{F5FDFACA-F1CF-4C91-8FA5-5E1328E5D57E}.Debug|Any CPU.Build.0 = Debug|Any CPU
		{F5FDFACA-F1CF-4C91-8FA5-5E1328E5D57E}.Release|Any CPU.ActiveCfg = Release|Any CPU
		{F5FDFACA-F1CF-4C91-8FA5-5E1328E5D57E}.Release|Any CPU.Build.0 = Release|Any CPU
		{A24FFACC-CE2F-4DB7-AA19-E4EE9368DC60}.Debug|Any CPU.ActiveCfg = Debug|Any CPU
		{A24FFACC-CE2F-4DB7-AA19-E4EE9368DC60}.Debug|Any CPU.Build.0 = Debug|Any CPU
		{A24FFACC-CE2F-4DB7-AA19-E4EE9368DC60}.Release|Any CPU.ActiveCfg = Release|Any CPU
		{A24FFACC-CE2F-4DB7-AA19-E4EE9368DC60}.Release|Any CPU.Build.0 = Release|Any CPU
		{6E0F0357-42D1-44D2-A572-5D2FD4E6ABF6}.Debug|Any CPU.ActiveCfg = Debug|Any CPU
		{6E0F0357-42D1-44D2-A572-5D2FD4E6ABF6}.Debug|Any CPU.Build.0 = Debug|Any CPU
		{6E0F0357-42D1-44D2-A572-5D2FD4E6ABF6}.Release|Any CPU.ActiveCfg = Release|Any CPU
		{6E0F0357-42D1-44D2-A572-5D2FD4E6ABF6}.Release|Any CPU.Build.0 = Release|Any CPU
	EndGlobalSection
	GlobalSection(SolutionProperties) = preSolution
		HideSolutionNode = FALSE
	EndGlobalSection
EndGlobal
